// !$*UTF8*$!
{
	archiveVersion = 1;
	classes = {
	};
	objectVersion = 51;
	objects = {

/* Begin PBXBuildFile section */
		632FBB8125F8D78000CC4C8A /* AppDelegate.swift in Sources */ = {isa = PBXBuildFile; fileRef = 632FBB8025F8D78000CC4C8A /* AppDelegate.swift */; };
		632FBB8525F8D78000CC4C8A /* SearchViewController.swift in Sources */ = {isa = PBXBuildFile; fileRef = 632FBB8425F8D78000CC4C8A /* SearchViewController.swift */; };
		632FBB8825F8D78000CC4C8A /* Main.storyboard in Resources */ = {isa = PBXBuildFile; fileRef = 632FBB8625F8D78000CC4C8A /* Main.storyboard */; };
		632FBB8A25F8D78300CC4C8A /* Assets.xcassets in Resources */ = {isa = PBXBuildFile; fileRef = 632FBB8925F8D78300CC4C8A /* Assets.xcassets */; };
		632FBB8D25F8D78300CC4C8A /* LaunchScreen.storyboard in Resources */ = {isa = PBXBuildFile; fileRef = 632FBB8B25F8D78300CC4C8A /* LaunchScreen.storyboard */; };
		632FBB9825F8D78400CC4C8A /* Songs_iTunesTests.swift in Sources */ = {isa = PBXBuildFile; fileRef = 632FBB9725F8D78400CC4C8A /* Songs_iTunesTests.swift */; };
		632FBBA325F8D78400CC4C8A /* Songs_iTunesUITests.swift in Sources */ = {isa = PBXBuildFile; fileRef = 632FBBA225F8D78400CC4C8A /* Songs_iTunesUITests.swift */; };
		6338A50325FA1EF80055E722 /* TrackTableViewCell.swift in Sources */ = {isa = PBXBuildFile; fileRef = 6338A50225FA1EF80055E722 /* TrackTableViewCell.swift */; };
		6338A50825FA20780055E722 /* Track.swift in Sources */ = {isa = PBXBuildFile; fileRef = 6338A50725FA20780055E722 /* Track.swift */; };
		6338A55025FA9DD10055E722 /* Genre.swift in Sources */ = {isa = PBXBuildFile; fileRef = 6338A54F25FA9DD10055E722 /* Genre.swift */; };
		6338A55525FAA2360055E722 /* Search.swift in Sources */ = {isa = PBXBuildFile; fileRef = 6338A55425FAA2360055E722 /* Search.swift */; };
		6338A55A25FB50AF0055E722 /* FeedResponse.swift in Sources */ = {isa = PBXBuildFile; fileRef = 6338A55925FB50AF0055E722 /* FeedResponse.swift */; };
		6338A5B025FB61000055E722 /* Feed.swift in Sources */ = {isa = PBXBuildFile; fileRef = 6338A5AF25FB61000055E722 /* Feed.swift */; };
		638F761C25FEADAB0095B4F6 /* SearchResponse.swift in Sources */ = {isa = PBXBuildFile; fileRef = 638F761B25FEADAB0095B4F6 /* SearchResponse.swift */; };
		86D4EAF67890B4D03CF69020 /* Pods_Songs_iTunes_Songs_iTunesUITests.framework in Frameworks */ = {isa = PBXBuildFile; fileRef = 57C52FDBD8C6B76A1A458638 /* Pods_Songs_iTunes_Songs_iTunesUITests.framework */; };
		8E313BED02E772AA5B5A9D16 /* Pods_Songs_iTunesTests.framework in Frameworks */ = {isa = PBXBuildFile; fileRef = 2AD95B721B1CC6E5FAC1DE8C /* Pods_Songs_iTunesTests.framework */; };
		B6934AEE26B5C3BF002C0A1D /* InfoViewController.swift in Sources */ = {isa = PBXBuildFile; fileRef = B6934AED26B5C3BF002C0A1D /* InfoViewController.swift */; };
		EB9AF0743D8AB8880B25CBB8 /* Pods_Songs_iTunes.framework in Frameworks */ = {isa = PBXBuildFile; fileRef = BDC0F523E3A320898F153671 /* Pods_Songs_iTunes.framework */; };
/* End PBXBuildFile section */

/* Begin PBXContainerItemProxy section */
		632FBB9425F8D78400CC4C8A /* PBXContainerItemProxy */ = {
			isa = PBXContainerItemProxy;
			containerPortal = 632FBB7525F8D78000CC4C8A /* Project object */;
			proxyType = 1;
			remoteGlobalIDString = 632FBB7C25F8D78000CC4C8A;
			remoteInfo = "Songs-iTunes";
		};
		632FBB9F25F8D78400CC4C8A /* PBXContainerItemProxy */ = {
			isa = PBXContainerItemProxy;
			containerPortal = 632FBB7525F8D78000CC4C8A /* Project object */;
			proxyType = 1;
			remoteGlobalIDString = 632FBB7C25F8D78000CC4C8A;
			remoteInfo = "Songs-iTunes";
		};
/* End PBXContainerItemProxy section */

/* Begin PBXFileReference section */
		1B3C39960EBD21D3ED48AA11 /* Pods-Songs-iTunes.debug.xcconfig */ = {isa = PBXFileReference; includeInIndex = 1; lastKnownFileType = text.xcconfig; name = "Pods-Songs-iTunes.debug.xcconfig"; path = "Target Support Files/Pods-Songs-iTunes/Pods-Songs-iTunes.debug.xcconfig"; sourceTree = "<group>"; };
		2AD95B721B1CC6E5FAC1DE8C /* Pods_Songs_iTunesTests.framework */ = {isa = PBXFileReference; explicitFileType = wrapper.framework; includeInIndex = 0; path = Pods_Songs_iTunesTests.framework; sourceTree = BUILT_PRODUCTS_DIR; };
		57C52FDBD8C6B76A1A458638 /* Pods_Songs_iTunes_Songs_iTunesUITests.framework */ = {isa = PBXFileReference; explicitFileType = wrapper.framework; includeInIndex = 0; path = Pods_Songs_iTunes_Songs_iTunesUITests.framework; sourceTree = BUILT_PRODUCTS_DIR; };
		5A818504F720E33468CF9F8E /* Pods-Songs-iTunes.release.xcconfig */ = {isa = PBXFileReference; includeInIndex = 1; lastKnownFileType = text.xcconfig; name = "Pods-Songs-iTunes.release.xcconfig"; path = "Target Support Files/Pods-Songs-iTunes/Pods-Songs-iTunes.release.xcconfig"; sourceTree = "<group>"; };
		5B5E712D688D482DD7624909 /* Pods-Songs-iTunes-Songs-iTunesUITests.debug.xcconfig */ = {isa = PBXFileReference; includeInIndex = 1; lastKnownFileType = text.xcconfig; name = "Pods-Songs-iTunes-Songs-iTunesUITests.debug.xcconfig"; path = "Target Support Files/Pods-Songs-iTunes-Songs-iTunesUITests/Pods-Songs-iTunes-Songs-iTunesUITests.debug.xcconfig"; sourceTree = "<group>"; };
		632FBB7D25F8D78000CC4C8A /* Songs-iTunes.app */ = {isa = PBXFileReference; explicitFileType = wrapper.application; includeInIndex = 0; path = "Songs-iTunes.app"; sourceTree = BUILT_PRODUCTS_DIR; };
		632FBB8025F8D78000CC4C8A /* AppDelegate.swift */ = {isa = PBXFileReference; lastKnownFileType = sourcecode.swift; path = AppDelegate.swift; sourceTree = "<group>"; };
		632FBB8425F8D78000CC4C8A /* SearchViewController.swift */ = {isa = PBXFileReference; lastKnownFileType = sourcecode.swift; path = SearchViewController.swift; sourceTree = "<group>"; };
		632FBB8725F8D78000CC4C8A /* Base */ = {isa = PBXFileReference; lastKnownFileType = file.storyboard; name = Base; path = Base.lproj/Main.storyboard; sourceTree = "<group>"; };
		632FBB8925F8D78300CC4C8A /* Assets.xcassets */ = {isa = PBXFileReference; lastKnownFileType = folder.assetcatalog; path = Assets.xcassets; sourceTree = "<group>"; };
		632FBB8C25F8D78300CC4C8A /* Base */ = {isa = PBXFileReference; lastKnownFileType = file.storyboard; name = Base; path = Base.lproj/LaunchScreen.storyboard; sourceTree = "<group>"; };
		632FBB8E25F8D78300CC4C8A /* Info.plist */ = {isa = PBXFileReference; lastKnownFileType = text.plist.xml; path = Info.plist; sourceTree = "<group>"; };
		632FBB9325F8D78400CC4C8A /* Songs-iTunesTests.xctest */ = {isa = PBXFileReference; explicitFileType = wrapper.cfbundle; includeInIndex = 0; path = "Songs-iTunesTests.xctest"; sourceTree = BUILT_PRODUCTS_DIR; };
		632FBB9725F8D78400CC4C8A /* Songs_iTunesTests.swift */ = {isa = PBXFileReference; lastKnownFileType = sourcecode.swift; path = Songs_iTunesTests.swift; sourceTree = "<group>"; };
		632FBB9925F8D78400CC4C8A /* Info.plist */ = {isa = PBXFileReference; lastKnownFileType = text.plist.xml; path = Info.plist; sourceTree = "<group>"; };
		632FBB9E25F8D78400CC4C8A /* Songs-iTunesUITests.xctest */ = {isa = PBXFileReference; explicitFileType = wrapper.cfbundle; includeInIndex = 0; path = "Songs-iTunesUITests.xctest"; sourceTree = BUILT_PRODUCTS_DIR; };
		632FBBA225F8D78400CC4C8A /* Songs_iTunesUITests.swift */ = {isa = PBXFileReference; lastKnownFileType = sourcecode.swift; path = Songs_iTunesUITests.swift; sourceTree = "<group>"; };
		632FBBA425F8D78400CC4C8A /* Info.plist */ = {isa = PBXFileReference; lastKnownFileType = text.plist.xml; path = Info.plist; sourceTree = "<group>"; };
		6338A50225FA1EF80055E722 /* TrackTableViewCell.swift */ = {isa = PBXFileReference; lastKnownFileType = sourcecode.swift; path = TrackTableViewCell.swift; sourceTree = "<group>"; };
		6338A50725FA20780055E722 /* Track.swift */ = {isa = PBXFileReference; lastKnownFileType = sourcecode.swift; path = Track.swift; sourceTree = "<group>"; };
		6338A54F25FA9DD10055E722 /* Genre.swift */ = {isa = PBXFileReference; lastKnownFileType = sourcecode.swift; path = Genre.swift; sourceTree = "<group>"; };
		6338A55425FAA2360055E722 /* Search.swift */ = {isa = PBXFileReference; lastKnownFileType = sourcecode.swift; path = Search.swift; sourceTree = "<group>"; };
		6338A55925FB50AF0055E722 /* FeedResponse.swift */ = {isa = PBXFileReference; lastKnownFileType = sourcecode.swift; path = FeedResponse.swift; sourceTree = "<group>"; };
		6338A5AF25FB61000055E722 /* Feed.swift */ = {isa = PBXFileReference; fileEncoding = 4; lastKnownFileType = sourcecode.swift; path = Feed.swift; sourceTree = "<group>"; };
		638F761B25FEADAB0095B4F6 /* SearchResponse.swift */ = {isa = PBXFileReference; fileEncoding = 4; lastKnownFileType = sourcecode.swift; path = SearchResponse.swift; sourceTree = "<group>"; };
		7787C3D2DD2D9CA01C6FA26B /* Pods-Songs-iTunesTests.debug.xcconfig */ = {isa = PBXFileReference; includeInIndex = 1; lastKnownFileType = text.xcconfig; name = "Pods-Songs-iTunesTests.debug.xcconfig"; path = "Target Support Files/Pods-Songs-iTunesTests/Pods-Songs-iTunesTests.debug.xcconfig"; sourceTree = "<group>"; };
		AE325EEE7646BDCA789FCE3D /* Pods-Songs-iTunes-Songs-iTunesUITests.release.xcconfig */ = {isa = PBXFileReference; includeInIndex = 1; lastKnownFileType = text.xcconfig; name = "Pods-Songs-iTunes-Songs-iTunesUITests.release.xcconfig"; path = "Target Support Files/Pods-Songs-iTunes-Songs-iTunesUITests/Pods-Songs-iTunes-Songs-iTunesUITests.release.xcconfig"; sourceTree = "<group>"; };
		B1804F221A97385D72C0CDC2 /* Pods-Songs-iTunesTests.release.xcconfig */ = {isa = PBXFileReference; includeInIndex = 1; lastKnownFileType = text.xcconfig; name = "Pods-Songs-iTunesTests.release.xcconfig"; path = "Target Support Files/Pods-Songs-iTunesTests/Pods-Songs-iTunesTests.release.xcconfig"; sourceTree = "<group>"; };
		B6934AEC26B5BFC9002C0A1D /* Songs_iTunes_Header.h */ = {isa = PBXFileReference; lastKnownFileType = sourcecode.c.h; path = Songs_iTunes_Header.h; sourceTree = "<group>"; };
		B6934AED26B5C3BF002C0A1D /* InfoViewController.swift */ = {isa = PBXFileReference; lastKnownFileType = sourcecode.swift; path = InfoViewController.swift; sourceTree = "<group>"; };
		BDC0F523E3A320898F153671 /* Pods_Songs_iTunes.framework */ = {isa = PBXFileReference; explicitFileType = wrapper.framework; includeInIndex = 0; path = Pods_Songs_iTunes.framework; sourceTree = BUILT_PRODUCTS_DIR; };
/* End PBXFileReference section */

/* Begin PBXFrameworksBuildPhase section */
		632FBB7A25F8D78000CC4C8A /* Frameworks */ = {
			isa = PBXFrameworksBuildPhase;
			buildActionMask = 2147483647;
			files = (
				EB9AF0743D8AB8880B25CBB8 /* Pods_Songs_iTunes.framework in Frameworks */,
			);
			runOnlyForDeploymentPostprocessing = 0;
		};
		632FBB9025F8D78400CC4C8A /* Frameworks */ = {
			isa = PBXFrameworksBuildPhase;
			buildActionMask = 2147483647;
			files = (
				8E313BED02E772AA5B5A9D16 /* Pods_Songs_iTunesTests.framework in Frameworks */,
			);
			runOnlyForDeploymentPostprocessing = 0;
		};
		632FBB9B25F8D78400CC4C8A /* Frameworks */ = {
			isa = PBXFrameworksBuildPhase;
			buildActionMask = 2147483647;
			files = (
				86D4EAF67890B4D03CF69020 /* Pods_Songs_iTunes_Songs_iTunesUITests.framework in Frameworks */,
			);
			runOnlyForDeploymentPostprocessing = 0;
		};
/* End PBXFrameworksBuildPhase section */

/* Begin PBXGroup section */
		632FBB7425F8D78000CC4C8A = {
			isa = PBXGroup;
			children = (
				632FBB7F25F8D78000CC4C8A /* Songs-iTunes */,
				632FBB9625F8D78400CC4C8A /* Songs-iTunesTests */,
				632FBBA125F8D78400CC4C8A /* Songs-iTunesUITests */,
				632FBB7E25F8D78000CC4C8A /* Products */,
				FD1863880DA434EACDFA864E /* Pods */,
				FA155C45740ADBD5936C8F0A /* Frameworks */,
			);
			sourceTree = "<group>";
		};
		632FBB7E25F8D78000CC4C8A /* Products */ = {
			isa = PBXGroup;
			children = (
				632FBB7D25F8D78000CC4C8A /* Songs-iTunes.app */,
				632FBB9325F8D78400CC4C8A /* Songs-iTunesTests.xctest */,
				632FBB9E25F8D78400CC4C8A /* Songs-iTunesUITests.xctest */,
			);
			name = Products;
			sourceTree = "<group>";
		};
		632FBB7F25F8D78000CC4C8A /* Songs-iTunes */ = {
			isa = PBXGroup;
			children = (
				6338A4FD25FA1C510055E722 /* models */,
				6338A4FE25FA1C5D0055E722 /* services */,
				6338A4F225FA18BE0055E722 /* views */,
				6338A4F325FA18DF0055E722 /* controllers */,
				6338A4F125FA186B0055E722 /* assets */,
				6338A4F025FA18500055E722 /* bootstrap */,
				B6934AEC26B5BFC9002C0A1D /* Songs_iTunes_Header.h */,
			);
			path = "Songs-iTunes";
			sourceTree = "<group>";
		};
		632FBB9625F8D78400CC4C8A /* Songs-iTunesTests */ = {
			isa = PBXGroup;
			children = (
				632FBB9725F8D78400CC4C8A /* Songs_iTunesTests.swift */,
				632FBB9925F8D78400CC4C8A /* Info.plist */,
			);
			path = "Songs-iTunesTests";
			sourceTree = "<group>";
		};
		632FBBA125F8D78400CC4C8A /* Songs-iTunesUITests */ = {
			isa = PBXGroup;
			children = (
				632FBBA225F8D78400CC4C8A /* Songs_iTunesUITests.swift */,
				632FBBA425F8D78400CC4C8A /* Info.plist */,
			);
			path = "Songs-iTunesUITests";
			sourceTree = "<group>";
		};
		6338A4F025FA18500055E722 /* bootstrap */ = {
			isa = PBXGroup;
			children = (
				632FBB8B25F8D78300CC4C8A /* LaunchScreen.storyboard */,
				632FBB8025F8D78000CC4C8A /* AppDelegate.swift */,
				632FBB8E25F8D78300CC4C8A /* Info.plist */,
			);
			path = bootstrap;
			sourceTree = "<group>";
		};
		6338A4F125FA186B0055E722 /* assets */ = {
			isa = PBXGroup;
			children = (
				632FBB8925F8D78300CC4C8A /* Assets.xcassets */,
			);
			path = assets;
			sourceTree = "<group>";
		};
		6338A4F225FA18BE0055E722 /* views */ = {
			isa = PBXGroup;
			children = (
				632FBB8625F8D78000CC4C8A /* Main.storyboard */,
				6338A50225FA1EF80055E722 /* TrackTableViewCell.swift */,
			);
			path = views;
			sourceTree = "<group>";
		};
		6338A4F325FA18DF0055E722 /* controllers */ = {
			isa = PBXGroup;
			children = (
				632FBB8425F8D78000CC4C8A /* SearchViewController.swift */,
				B6934AED26B5C3BF002C0A1D /* InfoViewController.swift */,
			);
			path = controllers;
			sourceTree = "<group>";
		};
		6338A4FD25FA1C510055E722 /* models */ = {
			isa = PBXGroup;
			children = (
				6338A54F25FA9DD10055E722 /* Genre.swift */,
				6338A50725FA20780055E722 /* Track.swift */,
				6338A5AF25FB61000055E722 /* Feed.swift */,
				6338A55925FB50AF0055E722 /* FeedResponse.swift */,
				638F761B25FEADAB0095B4F6 /* SearchResponse.swift */,
			);
			path = models;
			sourceTree = "<group>";
		};
		6338A4FE25FA1C5D0055E722 /* services */ = {
			isa = PBXGroup;
			children = (
				6338A55425FAA2360055E722 /* Search.swift */,
			);
			path = services;
			sourceTree = "<group>";
		};
		FA155C45740ADBD5936C8F0A /* Frameworks */ = {
			isa = PBXGroup;
			children = (
				BDC0F523E3A320898F153671 /* Pods_Songs_iTunes.framework */,
				57C52FDBD8C6B76A1A458638 /* Pods_Songs_iTunes_Songs_iTunesUITests.framework */,
				2AD95B721B1CC6E5FAC1DE8C /* Pods_Songs_iTunesTests.framework */,
			);
			name = Frameworks;
			sourceTree = "<group>";
		};
		FD1863880DA434EACDFA864E /* Pods */ = {
			isa = PBXGroup;
			children = (
				1B3C39960EBD21D3ED48AA11 /* Pods-Songs-iTunes.debug.xcconfig */,
				5A818504F720E33468CF9F8E /* Pods-Songs-iTunes.release.xcconfig */,
				5B5E712D688D482DD7624909 /* Pods-Songs-iTunes-Songs-iTunesUITests.debug.xcconfig */,
				AE325EEE7646BDCA789FCE3D /* Pods-Songs-iTunes-Songs-iTunesUITests.release.xcconfig */,
				7787C3D2DD2D9CA01C6FA26B /* Pods-Songs-iTunesTests.debug.xcconfig */,
				B1804F221A97385D72C0CDC2 /* Pods-Songs-iTunesTests.release.xcconfig */,
			);
			path = Pods;
			sourceTree = "<group>";
		};
/* End PBXGroup section */

/* Begin PBXNativeTarget section */
		632FBB7C25F8D78000CC4C8A /* Songs-iTunes */ = {
			isa = PBXNativeTarget;
			buildConfigurationList = 632FBBA725F8D78400CC4C8A /* Build configuration list for PBXNativeTarget "Songs-iTunes" */;
			buildPhases = (
				722D90B36B2BB1992B08701D /* [CP] Check Pods Manifest.lock */,
				632FBB7925F8D78000CC4C8A /* Sources */,
				632FBB7A25F8D78000CC4C8A /* Frameworks */,
				632FBB7B25F8D78000CC4C8A /* Resources */,
				A820E9DB8DBF11039A41CA9C /* [CP] Embed Pods Frameworks */,
			);
			buildRules = (
			);
			dependencies = (
			);
			name = "Songs-iTunes";
			productName = "Songs-iTunes";
			productReference = 632FBB7D25F8D78000CC4C8A /* Songs-iTunes.app */;
			productType = "com.apple.product-type.application";
		};
		632FBB9225F8D78400CC4C8A /* Songs-iTunesTests */ = {
			isa = PBXNativeTarget;
			buildConfigurationList = 632FBBAA25F8D78400CC4C8A /* Build configuration list for PBXNativeTarget "Songs-iTunesTests" */;
			buildPhases = (
				A30C6411E9D51161A0669230 /* [CP] Check Pods Manifest.lock */,
				632FBB8F25F8D78400CC4C8A /* Sources */,
				632FBB9025F8D78400CC4C8A /* Frameworks */,
				632FBB9125F8D78400CC4C8A /* Resources */,
			);
			buildRules = (
			);
			dependencies = (
				632FBB9525F8D78400CC4C8A /* PBXTargetDependency */,
			);
			name = "Songs-iTunesTests";
			productName = "Songs-iTunesTests";
			productReference = 632FBB9325F8D78400CC4C8A /* Songs-iTunesTests.xctest */;
			productType = "com.apple.product-type.bundle.unit-test";
		};
		632FBB9D25F8D78400CC4C8A /* Songs-iTunesUITests */ = {
			isa = PBXNativeTarget;
			buildConfigurationList = 632FBBAD25F8D78400CC4C8A /* Build configuration list for PBXNativeTarget "Songs-iTunesUITests" */;
			buildPhases = (
				8BDEBE0D57FEF5A6B5906720 /* [CP] Check Pods Manifest.lock */,
				632FBB9A25F8D78400CC4C8A /* Sources */,
				632FBB9B25F8D78400CC4C8A /* Frameworks */,
				632FBB9C25F8D78400CC4C8A /* Resources */,
				E123D991D1B493C59E9AA97A /* [CP] Embed Pods Frameworks */,
			);
			buildRules = (
			);
			dependencies = (
				632FBBA025F8D78400CC4C8A /* PBXTargetDependency */,
			);
			name = "Songs-iTunesUITests";
			productName = "Songs-iTunesUITests";
			productReference = 632FBB9E25F8D78400CC4C8A /* Songs-iTunesUITests.xctest */;
			productType = "com.apple.product-type.bundle.ui-testing";
		};
/* End PBXNativeTarget section */

/* Begin PBXProject section */
		632FBB7525F8D78000CC4C8A /* Project object */ = {
			isa = PBXProject;
			attributes = {
				LastSwiftUpdateCheck = 1240;
				LastUpgradeCheck = 1240;
				TargetAttributes = {
					632FBB7C25F8D78000CC4C8A = {
						CreatedOnToolsVersion = 12.4;
					};
					632FBB9225F8D78400CC4C8A = {
						CreatedOnToolsVersion = 12.4;
						TestTargetID = 632FBB7C25F8D78000CC4C8A;
					};
					632FBB9D25F8D78400CC4C8A = {
						CreatedOnToolsVersion = 12.4;
						TestTargetID = 632FBB7C25F8D78000CC4C8A;
					};
				};
			};
			buildConfigurationList = 632FBB7825F8D78000CC4C8A /* Build configuration list for PBXProject "Songs-iTunes" */;
			compatibilityVersion = "Xcode 9.3";
			developmentRegion = en;
			hasScannedForEncodings = 0;
			knownRegions = (
				en,
				Base,
				es,
			);
			mainGroup = 632FBB7425F8D78000CC4C8A;
			productRefGroup = 632FBB7E25F8D78000CC4C8A /* Products */;
			projectDirPath = "";
			projectRoot = "";
			targets = (
				632FBB7C25F8D78000CC4C8A /* Songs-iTunes */,
				632FBB9225F8D78400CC4C8A /* Songs-iTunesTests */,
				632FBB9D25F8D78400CC4C8A /* Songs-iTunesUITests */,
			);
		};
/* End PBXProject section */

/* Begin PBXResourcesBuildPhase section */
		632FBB7B25F8D78000CC4C8A /* Resources */ = {
			isa = PBXResourcesBuildPhase;
			buildActionMask = 2147483647;
			files = (
				632FBB8D25F8D78300CC4C8A /* LaunchScreen.storyboard in Resources */,
				632FBB8A25F8D78300CC4C8A /* Assets.xcassets in Resources */,
				632FBB8825F8D78000CC4C8A /* Main.storyboard in Resources */,
			);
			runOnlyForDeploymentPostprocessing = 0;
		};
		632FBB9125F8D78400CC4C8A /* Resources */ = {
			isa = PBXResourcesBuildPhase;
			buildActionMask = 2147483647;
			files = (
			);
			runOnlyForDeploymentPostprocessing = 0;
		};
		632FBB9C25F8D78400CC4C8A /* Resources */ = {
			isa = PBXResourcesBuildPhase;
			buildActionMask = 2147483647;
			files = (
			);
			runOnlyForDeploymentPostprocessing = 0;
		};
/* End PBXResourcesBuildPhase section */

/* Begin PBXShellScriptBuildPhase section */
		722D90B36B2BB1992B08701D /* [CP] Check Pods Manifest.lock */ = {
			isa = PBXShellScriptBuildPhase;
			buildActionMask = 2147483647;
			files = (
			);
			inputFileListPaths = (
			);
			inputPaths = (
				"${PODS_PODFILE_DIR_PATH}/Podfile.lock",
				"${PODS_ROOT}/Manifest.lock",
			);
			name = "[CP] Check Pods Manifest.lock";
			outputFileListPaths = (
			);
			outputPaths = (
				"$(DERIVED_FILE_DIR)/Pods-Songs-iTunes-checkManifestLockResult.txt",
			);
			runOnlyForDeploymentPostprocessing = 0;
			shellPath = /bin/sh;
			shellScript = "diff \"${PODS_PODFILE_DIR_PATH}/Podfile.lock\" \"${PODS_ROOT}/Manifest.lock\" > /dev/null\nif [ $? != 0 ] ; then\n    # print error to STDERR\n    echo \"error: The sandbox is not in sync with the Podfile.lock. Run 'pod install' or update your CocoaPods installation.\" >&2\n    exit 1\nfi\n# This output is used by Xcode 'outputs' to avoid re-running this script phase.\necho \"SUCCESS\" > \"${SCRIPT_OUTPUT_FILE_0}\"\n";
			showEnvVarsInLog = 0;
		};
		8BDEBE0D57FEF5A6B5906720 /* [CP] Check Pods Manifest.lock */ = {
			isa = PBXShellScriptBuildPhase;
			buildActionMask = 2147483647;
			files = (
			);
			inputFileListPaths = (
			);
			inputPaths = (
				"${PODS_PODFILE_DIR_PATH}/Podfile.lock",
				"${PODS_ROOT}/Manifest.lock",
			);
			name = "[CP] Check Pods Manifest.lock";
			outputFileListPaths = (
			);
			outputPaths = (
				"$(DERIVED_FILE_DIR)/Pods-Songs-iTunes-Songs-iTunesUITests-checkManifestLockResult.txt",
			);
			runOnlyForDeploymentPostprocessing = 0;
			shellPath = /bin/sh;
			shellScript = "diff \"${PODS_PODFILE_DIR_PATH}/Podfile.lock\" \"${PODS_ROOT}/Manifest.lock\" > /dev/null\nif [ $? != 0 ] ; then\n    # print error to STDERR\n    echo \"error: The sandbox is not in sync with the Podfile.lock. Run 'pod install' or update your CocoaPods installation.\" >&2\n    exit 1\nfi\n# This output is used by Xcode 'outputs' to avoid re-running this script phase.\necho \"SUCCESS\" > \"${SCRIPT_OUTPUT_FILE_0}\"\n";
			showEnvVarsInLog = 0;
		};
		A30C6411E9D51161A0669230 /* [CP] Check Pods Manifest.lock */ = {
			isa = PBXShellScriptBuildPhase;
			buildActionMask = 2147483647;
			files = (
			);
			inputFileListPaths = (
			);
			inputPaths = (
				"${PODS_PODFILE_DIR_PATH}/Podfile.lock",
				"${PODS_ROOT}/Manifest.lock",
			);
			name = "[CP] Check Pods Manifest.lock";
			outputFileListPaths = (
			);
			outputPaths = (
				"$(DERIVED_FILE_DIR)/Pods-Songs-iTunesTests-checkManifestLockResult.txt",
			);
			runOnlyForDeploymentPostprocessing = 0;
			shellPath = /bin/sh;
			shellScript = "diff \"${PODS_PODFILE_DIR_PATH}/Podfile.lock\" \"${PODS_ROOT}/Manifest.lock\" > /dev/null\nif [ $? != 0 ] ; then\n    # print error to STDERR\n    echo \"error: The sandbox is not in sync with the Podfile.lock. Run 'pod install' or update your CocoaPods installation.\" >&2\n    exit 1\nfi\n# This output is used by Xcode 'outputs' to avoid re-running this script phase.\necho \"SUCCESS\" > \"${SCRIPT_OUTPUT_FILE_0}\"\n";
			showEnvVarsInLog = 0;
		};
		A820E9DB8DBF11039A41CA9C /* [CP] Embed Pods Frameworks */ = {
			isa = PBXShellScriptBuildPhase;
			buildActionMask = 2147483647;
			files = (
			);
			inputFileListPaths = (
				"${PODS_ROOT}/Target Support Files/Pods-Songs-iTunes/Pods-Songs-iTunes-frameworks-${CONFIGURATION}-input-files.xcfilelist",
			);
			name = "[CP] Embed Pods Frameworks";
			outputFileListPaths = (
				"${PODS_ROOT}/Target Support Files/Pods-Songs-iTunes/Pods-Songs-iTunes-frameworks-${CONFIGURATION}-output-files.xcfilelist",
			);
			runOnlyForDeploymentPostprocessing = 0;
			shellPath = /bin/sh;
			shellScript = "\"${PODS_ROOT}/Target Support Files/Pods-Songs-iTunes/Pods-Songs-iTunes-frameworks.sh\"\n";
			showEnvVarsInLog = 0;
		};
		E123D991D1B493C59E9AA97A /* [CP] Embed Pods Frameworks */ = {
			isa = PBXShellScriptBuildPhase;
			buildActionMask = 2147483647;
			files = (
			);
			inputFileListPaths = (
				"${PODS_ROOT}/Target Support Files/Pods-Songs-iTunes-Songs-iTunesUITests/Pods-Songs-iTunes-Songs-iTunesUITests-frameworks-${CONFIGURATION}-input-files.xcfilelist",
			);
			name = "[CP] Embed Pods Frameworks";
			outputFileListPaths = (
				"${PODS_ROOT}/Target Support Files/Pods-Songs-iTunes-Songs-iTunesUITests/Pods-Songs-iTunes-Songs-iTunesUITests-frameworks-${CONFIGURATION}-output-files.xcfilelist",
			);
			runOnlyForDeploymentPostprocessing = 0;
			shellPath = /bin/sh;
			shellScript = "\"${PODS_ROOT}/Target Support Files/Pods-Songs-iTunes-Songs-iTunesUITests/Pods-Songs-iTunes-Songs-iTunesUITests-frameworks.sh\"\n";
			showEnvVarsInLog = 0;
		};
/* End PBXShellScriptBuildPhase section */

/* Begin PBXSourcesBuildPhase section */
		632FBB7925F8D78000CC4C8A /* Sources */ = {
			isa = PBXSourcesBuildPhase;
			buildActionMask = 2147483647;
			files = (
				638F761C25FEADAB0095B4F6 /* SearchResponse.swift in Sources */,
				6338A55A25FB50AF0055E722 /* FeedResponse.swift in Sources */,
				6338A5B025FB61000055E722 /* Feed.swift in Sources */,
				6338A50825FA20780055E722 /* Track.swift in Sources */,
				B6934AEE26B5C3BF002C0A1D /* InfoViewController.swift in Sources */,
				6338A55025FA9DD10055E722 /* Genre.swift in Sources */,
				6338A55525FAA2360055E722 /* Search.swift in Sources */,
				632FBB8525F8D78000CC4C8A /* SearchViewController.swift in Sources */,
				6338A50325FA1EF80055E722 /* TrackTableViewCell.swift in Sources */,
				632FBB8125F8D78000CC4C8A /* AppDelegate.swift in Sources */,
			);
			runOnlyForDeploymentPostprocessing = 0;
		};
		632FBB8F25F8D78400CC4C8A /* Sources */ = {
			isa = PBXSourcesBuildPhase;
			buildActionMask = 2147483647;
			files = (
				632FBB9825F8D78400CC4C8A /* Songs_iTunesTests.swift in Sources */,
			);
			runOnlyForDeploymentPostprocessing = 0;
		};
		632FBB9A25F8D78400CC4C8A /* Sources */ = {
			isa = PBXSourcesBuildPhase;
			buildActionMask = 2147483647;
			files = (
				632FBBA325F8D78400CC4C8A /* Songs_iTunesUITests.swift in Sources */,
			);
			runOnlyForDeploymentPostprocessing = 0;
		};
/* End PBXSourcesBuildPhase section */

/* Begin PBXTargetDependency section */
		632FBB9525F8D78400CC4C8A /* PBXTargetDependency */ = {
			isa = PBXTargetDependency;
			target = 632FBB7C25F8D78000CC4C8A /* Songs-iTunes */;
			targetProxy = 632FBB9425F8D78400CC4C8A /* PBXContainerItemProxy */;
		};
		632FBBA025F8D78400CC4C8A /* PBXTargetDependency */ = {
			isa = PBXTargetDependency;
			target = 632FBB7C25F8D78000CC4C8A /* Songs-iTunes */;
			targetProxy = 632FBB9F25F8D78400CC4C8A /* PBXContainerItemProxy */;
		};
/* End PBXTargetDependency section */

/* Begin PBXVariantGroup section */
		632FBB8625F8D78000CC4C8A /* Main.storyboard */ = {
			isa = PBXVariantGroup;
			children = (
				632FBB8725F8D78000CC4C8A /* Base */,
			);
			name = Main.storyboard;
			sourceTree = "<group>";
		};
		632FBB8B25F8D78300CC4C8A /* LaunchScreen.storyboard */ = {
			isa = PBXVariantGroup;
			children = (
				632FBB8C25F8D78300CC4C8A /* Base */,
			);
			name = LaunchScreen.storyboard;
			sourceTree = "<group>";
		};
/* End PBXVariantGroup section */

/* Begin XCBuildConfiguration section */
		632FBBA525F8D78400CC4C8A /* Debug */ = {
			isa = XCBuildConfiguration;
			buildSettings = {
				ALWAYS_SEARCH_USER_PATHS = NO;
				CLANG_ANALYZER_LOCALIZABILITY_NONLOCALIZED = YES;
				CLANG_ANALYZER_NONNULL = YES;
				CLANG_ANALYZER_NUMBER_OBJECT_CONVERSION = YES_AGGRESSIVE;
				CLANG_CXX_LANGUAGE_STANDARD = "gnu++14";
				CLANG_CXX_LIBRARY = "libc++";
				CLANG_ENABLE_MODULES = YES;
				CLANG_ENABLE_OBJC_ARC = YES;
				CLANG_ENABLE_OBJC_WEAK = YES;
				CLANG_WARN_BLOCK_CAPTURE_AUTORELEASING = YES;
				CLANG_WARN_BOOL_CONVERSION = YES;
				CLANG_WARN_COMMA = YES;
				CLANG_WARN_CONSTANT_CONVERSION = YES;
				CLANG_WARN_DEPRECATED_OBJC_IMPLEMENTATIONS = YES;
				CLANG_WARN_DIRECT_OBJC_ISA_USAGE = YES_ERROR;
				CLANG_WARN_DOCUMENTATION_COMMENTS = YES;
				CLANG_WARN_EMPTY_BODY = YES;
				CLANG_WARN_ENUM_CONVERSION = YES;
				CLANG_WARN_INFINITE_RECURSION = YES;
				CLANG_WARN_INT_CONVERSION = YES;
				CLANG_WARN_NON_LITERAL_NULL_CONVERSION = YES;
				CLANG_WARN_OBJC_IMPLICIT_RETAIN_SELF = YES;
				CLANG_WARN_OBJC_LITERAL_CONVERSION = YES;
				CLANG_WARN_OBJC_ROOT_CLASS = YES_ERROR;
				CLANG_WARN_QUOTED_INCLUDE_IN_FRAMEWORK_HEADER = YES;
				CLANG_WARN_RANGE_LOOP_ANALYSIS = YES;
				CLANG_WARN_STRICT_PROTOTYPES = YES;
				CLANG_WARN_SUSPICIOUS_MOVE = YES;
				CLANG_WARN_UNGUARDED_AVAILABILITY = YES_AGGRESSIVE;
				CLANG_WARN_UNREACHABLE_CODE = YES;
				CLANG_WARN__DUPLICATE_METHOD_MATCH = YES;
				COPY_PHASE_STRIP = NO;
				DEBUG_INFORMATION_FORMAT = dwarf;
				ENABLE_STRICT_OBJC_MSGSEND = YES;
				ENABLE_TESTABILITY = YES;
				GCC_C_LANGUAGE_STANDARD = gnu11;
				GCC_DYNAMIC_NO_PIC = NO;
				GCC_NO_COMMON_BLOCKS = YES;
				GCC_OPTIMIZATION_LEVEL = 0;
				GCC_PREPROCESSOR_DEFINITIONS = (
					"DEBUG=1",
					"$(inherited)",
				);
				GCC_WARN_64_TO_32_BIT_CONVERSION = YES;
				GCC_WARN_ABOUT_RETURN_TYPE = YES_ERROR;
				GCC_WARN_UNDECLARED_SELECTOR = YES;
				GCC_WARN_UNINITIALIZED_AUTOS = YES_AGGRESSIVE;
				GCC_WARN_UNUSED_FUNCTION = YES;
				GCC_WARN_UNUSED_VARIABLE = YES;
				IPHONEOS_DEPLOYMENT_TARGET = 14.4;
				MTL_ENABLE_DEBUG_INFO = INCLUDE_SOURCE;
				MTL_FAST_MATH = YES;
				ONLY_ACTIVE_ARCH = YES;
				SDKROOT = iphoneos;
				SWIFT_ACTIVE_COMPILATION_CONDITIONS = DEBUG;
				SWIFT_OPTIMIZATION_LEVEL = "-Onone";
			};
			name = Debug;
		};
		632FBBA625F8D78400CC4C8A /* Release */ = {
			isa = XCBuildConfiguration;
			buildSettings = {
				ALWAYS_SEARCH_USER_PATHS = NO;
				CLANG_ANALYZER_LOCALIZABILITY_NONLOCALIZED = YES;
				CLANG_ANALYZER_NONNULL = YES;
				CLANG_ANALYZER_NUMBER_OBJECT_CONVERSION = YES_AGGRESSIVE;
				CLANG_CXX_LANGUAGE_STANDARD = "gnu++14";
				CLANG_CXX_LIBRARY = "libc++";
				CLANG_ENABLE_MODULES = YES;
				CLANG_ENABLE_OBJC_ARC = YES;
				CLANG_ENABLE_OBJC_WEAK = YES;
				CLANG_WARN_BLOCK_CAPTURE_AUTORELEASING = YES;
				CLANG_WARN_BOOL_CONVERSION = YES;
				CLANG_WARN_COMMA = YES;
				CLANG_WARN_CONSTANT_CONVERSION = YES;
				CLANG_WARN_DEPRECATED_OBJC_IMPLEMENTATIONS = YES;
				CLANG_WARN_DIRECT_OBJC_ISA_USAGE = YES_ERROR;
				CLANG_WARN_DOCUMENTATION_COMMENTS = YES;
				CLANG_WARN_EMPTY_BODY = YES;
				CLANG_WARN_ENUM_CONVERSION = YES;
				CLANG_WARN_INFINITE_RECURSION = YES;
				CLANG_WARN_INT_CONVERSION = YES;
				CLANG_WARN_NON_LITERAL_NULL_CONVERSION = YES;
				CLANG_WARN_OBJC_IMPLICIT_RETAIN_SELF = YES;
				CLANG_WARN_OBJC_LITERAL_CONVERSION = YES;
				CLANG_WARN_OBJC_ROOT_CLASS = YES_ERROR;
				CLANG_WARN_QUOTED_INCLUDE_IN_FRAMEWORK_HEADER = YES;
				CLANG_WARN_RANGE_LOOP_ANALYSIS = YES;
				CLANG_WARN_STRICT_PROTOTYPES = YES;
				CLANG_WARN_SUSPICIOUS_MOVE = YES;
				CLANG_WARN_UNGUARDED_AVAILABILITY = YES_AGGRESSIVE;
				CLANG_WARN_UNREACHABLE_CODE = YES;
				CLANG_WARN__DUPLICATE_METHOD_MATCH = YES;
				COPY_PHASE_STRIP = NO;
				DEBUG_INFORMATION_FORMAT = "dwarf-with-dsym";
				ENABLE_NS_ASSERTIONS = NO;
				ENABLE_STRICT_OBJC_MSGSEND = YES;
				GCC_C_LANGUAGE_STANDARD = gnu11;
				GCC_NO_COMMON_BLOCKS = YES;
				GCC_WARN_64_TO_32_BIT_CONVERSION = YES;
				GCC_WARN_ABOUT_RETURN_TYPE = YES_ERROR;
				GCC_WARN_UNDECLARED_SELECTOR = YES;
				GCC_WARN_UNINITIALIZED_AUTOS = YES_AGGRESSIVE;
				GCC_WARN_UNUSED_FUNCTION = YES;
				GCC_WARN_UNUSED_VARIABLE = YES;
				IPHONEOS_DEPLOYMENT_TARGET = 14.4;
				MTL_ENABLE_DEBUG_INFO = NO;
				MTL_FAST_MATH = YES;
				SDKROOT = iphoneos;
				SWIFT_COMPILATION_MODE = wholemodule;
				SWIFT_OPTIMIZATION_LEVEL = "-O";
				VALIDATE_PRODUCT = YES;
			};
			name = Release;
		};
		632FBBA825F8D78400CC4C8A /* Debug */ = {
			isa = XCBuildConfiguration;
			baseConfigurationReference = 1B3C39960EBD21D3ED48AA11 /* Pods-Songs-iTunes.debug.xcconfig */;
			buildSettings = {
				ASSETCATALOG_COMPILER_APPICON_NAME = AppIcon;
				ASSETCATALOG_COMPILER_GLOBAL_ACCENT_COLOR_NAME = AccentColor;
				CODE_SIGN_STYLE = Automatic;
				DEVELOPMENT_TEAM = UAM6593LW5;
				INFOPLIST_FILE = "Songs-iTunes/bootstrap/Info.plist";
				LD_RUNPATH_SEARCH_PATHS = (
					"$(inherited)",
					"@executable_path/Frameworks",
				);
				PRODUCT_BUNDLE_IDENTIFIER = "com.deimian86.Songs-iTunes";
				PRODUCT_NAME = "$(TARGET_NAME)";
				SWIFT_OBJC_BRIDGING_HEADER = "Songs-iTunes/Songs_iTunes_Header.h";
				SWIFT_VERSION = 5.0;
				TARGETED_DEVICE_FAMILY = "1,2";
			};
			name = Debug;
		};
		632FBBA925F8D78400CC4C8A /* Release */ = {
			isa = XCBuildConfiguration;
			baseConfigurationReference = 5A818504F720E33468CF9F8E /* Pods-Songs-iTunes.release.xcconfig */;
			buildSettings = {
				ASSETCATALOG_COMPILER_APPICON_NAME = AppIcon;
				ASSETCATALOG_COMPILER_GLOBAL_ACCENT_COLOR_NAME = AccentColor;
				CODE_SIGN_STYLE = Automatic;
				DEVELOPMENT_TEAM = UAM6593LW5;
				INFOPLIST_FILE = "Songs-iTunes/bootstrap/Info.plist";
				LD_RUNPATH_SEARCH_PATHS = (
					"$(inherited)",
					"@executable_path/Frameworks",
				);
				PRODUCT_BUNDLE_IDENTIFIER = "com.deimian86.Songs-iTunes";
				PRODUCT_NAME = "$(TARGET_NAME)";
				SWIFT_OBJC_BRIDGING_HEADER = "Songs-iTunes/Songs_iTunes_Header.h";
				SWIFT_VERSION = 5.0;
				TARGETED_DEVICE_FAMILY = "1,2";
			};
			name = Release;
		};
		632FBBAB25F8D78400CC4C8A /* Debug */ = {
			isa = XCBuildConfiguration;
			baseConfigurationReference = 7787C3D2DD2D9CA01C6FA26B /* Pods-Songs-iTunesTests.debug.xcconfig */;
			buildSettings = {
				ALWAYS_EMBED_SWIFT_STANDARD_LIBRARIES = YES;
				BUNDLE_LOADER = "$(TEST_HOST)";
				CODE_SIGN_STYLE = Automatic;
				INFOPLIST_FILE = "Songs-iTunesTests/Info.plist";
				IPHONEOS_DEPLOYMENT_TARGET = 14.4;
				LD_RUNPATH_SEARCH_PATHS = (
					"$(inherited)",
					"@executable_path/Frameworks",
					"@loader_path/Frameworks",
				);
				PRODUCT_BUNDLE_IDENTIFIER = "com.deimian86.Songs-iTunesTests";
				PRODUCT_NAME = "$(TARGET_NAME)";
				SWIFT_VERSION = 5.0;
				TARGETED_DEVICE_FAMILY = "1,2";
				TEST_HOST = "$(BUILT_PRODUCTS_DIR)/Songs-iTunes.app/Songs-iTunes";
			};
			name = Debug;
		};
		632FBBAC25F8D78400CC4C8A /* Release */ = {
			isa = XCBuildConfiguration;
			baseConfigurationReference = B1804F221A97385D72C0CDC2 /* Pods-Songs-iTunesTests.release.xcconfig */;
			buildSettings = {
				ALWAYS_EMBED_SWIFT_STANDARD_LIBRARIES = YES;
				BUNDLE_LOADER = "$(TEST_HOST)";
				CODE_SIGN_STYLE = Automatic;
				INFOPLIST_FILE = "Songs-iTunesTests/Info.plist";
				IPHONEOS_DEPLOYMENT_TARGET = 14.4;
				LD_RUNPATH_SEARCH_PATHS = (
					"$(inherited)",
					"@executable_path/Frameworks",
					"@loader_path/Frameworks",
				);
				PRODUCT_BUNDLE_IDENTIFIER = "com.deimian86.Songs-iTunesTests";
				PRODUCT_NAME = "$(TARGET_NAME)";
				SWIFT_VERSION = 5.0;
				TARGETED_DEVICE_FAMILY = "1,2";
				TEST_HOST = "$(BUILT_PRODUCTS_DIR)/Songs-iTunes.app/Songs-iTunes";
			};
			name = Release;
		};
		632FBBAE25F8D78400CC4C8A /* Debug */ = {
			isa = XCBuildConfiguration;
			baseConfigurationReference = 5B5E712D688D482DD7624909 /* Pods-Songs-iTunes-Songs-iTunesUITests.debug.xcconfig */;
			buildSettings = {
				ALWAYS_EMBED_SWIFT_STANDARD_LIBRARIES = YES;
				CODE_SIGN_STYLE = Automatic;
				INFOPLIST_FILE = "Songs-iTunesUITests/Info.plist";
				LD_RUNPATH_SEARCH_PATHS = (
					"$(inherited)",
					"@executable_path/Frameworks",
					"@loader_path/Frameworks",
				);
				PRODUCT_BUNDLE_IDENTIFIER = "com.deimian86.Songs-iTunesUITests";
				PRODUCT_NAME = "$(TARGET_NAME)";
				SWIFT_VERSION = 5.0;
				TARGETED_DEVICE_FAMILY = "1,2";
				TEST_TARGET_NAME = "Songs-iTunes";
			};
			name = Debug;
		};
		632FBBAF25F8D78400CC4C8A /* Release */ = {
			isa = XCBuildConfiguration;
			baseConfigurationReference = AE325EEE7646BDCA789FCE3D /* Pods-Songs-iTunes-Songs-iTunesUITests.release.xcconfig */;
			buildSettings = {
				ALWAYS_EMBED_SWIFT_STANDARD_LIBRARIES = YES;
				CODE_SIGN_STYLE = Automatic;
				INFOPLIST_FILE = "Songs-iTunesUITests/Info.plist";
				LD_RUNPATH_SEARCH_PATHS = (
					"$(inherited)",
					"@executable_path/Frameworks",
					"@loader_path/Frameworks",
				);
				PRODUCT_BUNDLE_IDENTIFIER = "com.deimian86.Songs-iTunesUITests";
				PRODUCT_NAME = "$(TARGET_NAME)";
				SWIFT_VERSION = 5.0;
				TARGETED_DEVICE_FAMILY = "1,2";
				TEST_TARGET_NAME = "Songs-iTunes";
			};
			name = Release;
		};
/* End XCBuildConfiguration section */

/* Begin XCConfigurationList section */
		632FBB7825F8D78000CC4C8A /* Build configuration list for PBXProject "Songs-iTunes" */ = {
			isa = XCConfigurationList;
			buildConfigurations = (
				632FBBA525F8D78400CC4C8A /* Debug */,
				632FBBA625F8D78400CC4C8A /* Release */,
			);
			defaultConfigurationIsVisible = 0;
			defaultConfigurationName = Release;
		};
		632FBBA725F8D78400CC4C8A /* Build configuration list for PBXNativeTarget "Songs-iTunes" */ = {
			isa = XCConfigurationList;
			buildConfigurations = (
				632FBBA825F8D78400CC4C8A /* Debug */,
				632FBBA925F8D78400CC4C8A /* Release */,
			);
			defaultConfigurationIsVisible = 0;
			defaultConfigurationName = Release;
		};
		632FBBAA25F8D78400CC4C8A /* Build configuration list for PBXNativeTarget "Songs-iTunesTests" */ = {
			isa = XCConfigurationList;
			buildConfigurations = (
				632FBBAB25F8D78400CC4C8A /* Debug */,
				632FBBAC25F8D78400CC4C8A /* Release */,
			);
			defaultConfigurationIsVisible = 0;
			defaultConfigurationName = Release;
		};
		632FBBAD25F8D78400CC4C8A /* Build configuration list for PBXNativeTarget "Songs-iTunesUITests" */ = {
			isa = XCConfigurationList;
			buildConfigurations = (
				632FBBAE25F8D78400CC4C8A /* Debug */,
				632FBBAF25F8D78400CC4C8A /* Release */,
			);
			defaultConfigurationIsVisible = 0;
			defaultConfigurationName = Release;
		};
/* End XCConfigurationList section */
	};
	rootObject = 632FBB7525F8D78000CC4C8A /* Project object */;
}
